
Microsoft Visual Studio Solution File, Format Version 12.00
# Visual Studio Version 17
VisualStudioVersion = 17.8.34408.163
MinimumVisualStudioVersion = 10.0.40219.1
Project("{FAE04EC0-301F-11D3-BF4B-00C04F79EFBC}") = "Exercises", "Exercises\Exercises.csproj", "{9B5E3A59-BE32-4390-B1BD-5C248C8AA34B}"
EndProject
Global
	GlobalSection(SolutionConfigurationPlatforms) = preSolution
		Debug|Any CPU = Debug|Any CPU
		Release|Any CPU = Release|Any CPU
	EndGlobalSection
	GlobalSection(ProjectConfigurationPlatforms) = postSolution
		{9B5E3A59-BE32-4390-B1BD-5C248C8AA34B}.Debug|Any CPU.ActiveCfg = Debug|Any CPU
		{9B5E3A59-BE32-4390-B1BD-5C248C8AA34B}.Debug|Any CPU.Build.0 = Debug|Any CPU
		{9B5E3A59-BE32-4390-B1BD-5C248C8AA34B}.Release|Any CPU.ActiveCfg = Release|Any CPU
		{9B5E3A59-BE32-4390-B1BD-5C248C8AA34B}.Release|Any CPU.Build.0 = Release|Any CPU
	EndGlobalSection
	GlobalSection(SolutionProperties) = preSolution
		HideSolutionNode = FALSE
	EndGlobalSection
	GlobalSection(ExtensibilityGlobals) = postSolution
		SolutionGuid = {31A48C01-C1D8-42C7-B7CC-9EB2F5400999}
	EndGlobalSection
EndGlobal
